// !$*UTF8*$!
{
	archiveVersion = 1;
	classes = {
	};
	objectVersion = 77;
	objects = {

/* Begin PBXBuildFile section */
		477783852D742252002ECD82 /* Yams in Frameworks */ = {isa = PBXBuildFile; productRef = 477783842D742252002ECD82 /* Yams */; };
		47AC8B542D7D74360064B7C0 /* ThumbnailGeneratorService.xpc in Embed XPC Services */ = {isa = PBXBuildFile; fileRef = 47AC8B482D7D74360064B7C0 /* ThumbnailGeneratorService.xpc */; settings = {ATTRIBUTES = (RemoveHeadersOnCopy, ); }; };
/* End PBXBuildFile section */

/* Begin PBXContainerItemProxy section */
		472743B42D73F220004E48EF /* PBXContainerItemProxy */ = {
			isa = PBXContainerItemProxy;
			containerPortal = 4727439A2D73F21F004E48EF /* Project object */;
			proxyType = 1;
			remoteGlobalIDString = 472743A12D73F21F004E48EF;
			remoteInfo = photo2;
		};
		472743BE2D73F220004E48EF /* PBXContainerItemProxy */ = {
			isa = PBXContainerItemProxy;
			containerPortal = 4727439A2D73F21F004E48EF /* Project object */;
			proxyType = 1;
			remoteGlobalIDString = 472743A12D73F21F004E48EF;
			remoteInfo = photo2;
		};
		47AC8B522D7D74360064B7C0 /* PBXContainerItemProxy */ = {
			isa = PBXContainerItemProxy;
			containerPortal = 4727439A2D73F21F004E48EF /* Project object */;
			proxyType = 1;
			remoteGlobalIDString = 47AC8B472D7D74360064B7C0;
			remoteInfo = ThumbnailGeneratorService;
		};
/* End PBXContainerItemProxy section */

/* Begin PBXCopyFilesBuildPhase section */
		47AC8B592D7D74360064B7C0 /* Embed XPC Services */ = {
			isa = PBXCopyFilesBuildPhase;
			buildActionMask = 2147483647;
			dstPath = "$(CONTENTS_FOLDER_PATH)/XPCServices";
			dstSubfolderSpec = 16;
			files = (
				47AC8B542D7D74360064B7C0 /* ThumbnailGeneratorService.xpc in Embed XPC Services */,
			);
			name = "Embed XPC Services";
			runOnlyForDeploymentPostprocessing = 0;
		};
/* End PBXCopyFilesBuildPhase section */

/* Begin PBXFileReference section */
		472743A22D73F21F004E48EF /* photo2.app */ = {isa = PBXFileReference; explicitFileType = wrapper.application; includeInIndex = 0; path = photo2.app; sourceTree = BUILT_PRODUCTS_DIR; };
		472743B32D73F220004E48EF /* photo2Tests.xctest */ = {isa = PBXFileReference; explicitFileType = wrapper.cfbundle; includeInIndex = 0; path = photo2Tests.xctest; sourceTree = BUILT_PRODUCTS_DIR; };
		472743BD2D73F220004E48EF /* photo2UITests.xctest */ = {isa = PBXFileReference; explicitFileType = wrapper.cfbundle; includeInIndex = 0; path = photo2UITests.xctest; sourceTree = BUILT_PRODUCTS_DIR; };
		47AC8B482D7D74360064B7C0 /* ThumbnailGeneratorService.xpc */ = {isa = PBXFileReference; explicitFileType = "wrapper.xpc-service"; includeInIndex = 0; path = ThumbnailGeneratorService.xpc; sourceTree = BUILT_PRODUCTS_DIR; };
/* End PBXFileReference section */

/* Begin PBXFileSystemSynchronizedBuildFileExceptionSet section */
		47AC8B552D7D74360064B7C0 /* Exceptions for "ThumbnailGeneratorService" folder in "ThumbnailGeneratorService" target */ = {
			isa = PBXFileSystemSynchronizedBuildFileExceptionSet;
			membershipExceptions = (
				Info.plist,
			);
			target = 47AC8B472D7D74360064B7C0 /* ThumbnailGeneratorService */;
		};
/* End PBXFileSystemSynchronizedBuildFileExceptionSet section */

/* Begin PBXFileSystemSynchronizedRootGroup section */
		472743A42D73F21F004E48EF /* photo2 */ = {
			isa = PBXFileSystemSynchronizedRootGroup;
			path = photo2;
			sourceTree = "<group>";
		};
		472743B62D73F220004E48EF /* photo2Tests */ = {
			isa = PBXFileSystemSynchronizedRootGroup;
			path = photo2Tests;
			sourceTree = "<group>";
		};
		472743C02D73F220004E48EF /* photo2UITests */ = {
			isa = PBXFileSystemSynchronizedRootGroup;
			path = photo2UITests;
			sourceTree = "<group>";
		};
		47AC8B492D7D74360064B7C0 /* ThumbnailGeneratorService */ = {
			isa = PBXFileSystemSynchronizedRootGroup;
			exceptions = (
				47AC8B552D7D74360064B7C0 /* Exceptions for "ThumbnailGeneratorService" folder in "ThumbnailGeneratorService" target */,
			);
			path = ThumbnailGeneratorService;
			sourceTree = "<group>";
		};
/* End PBXFileSystemSynchronizedRootGroup section */

/* Begin PBXFrameworksBuildPhase section */
		4727439F2D73F21F004E48EF /* Frameworks */ = {
			isa = PBXFrameworksBuildPhase;
			buildActionMask = 2147483647;
			files = (
				477783852D742252002ECD82 /* Yams in Frameworks */,
			);
			runOnlyForDeploymentPostprocessing = 0;
		};
		472743B02D73F220004E48EF /* Frameworks */ = {
			isa = PBXFrameworksBuildPhase;
			buildActionMask = 2147483647;
			files = (
			);
			runOnlyForDeploymentPostprocessing = 0;
		};
		472743BA2D73F220004E48EF /* Frameworks */ = {
			isa = PBXFrameworksBuildPhase;
			buildActionMask = 2147483647;
			files = (
			);
			runOnlyForDeploymentPostprocessing = 0;
		};
		47AC8B452D7D74360064B7C0 /* Frameworks */ = {
			isa = PBXFrameworksBuildPhase;
			buildActionMask = 2147483647;
			files = (
			);
			runOnlyForDeploymentPostprocessing = 0;
		};
/* End PBXFrameworksBuildPhase section */

/* Begin PBXGroup section */
		472743992D73F21F004E48EF = {
			isa = PBXGroup;
			children = (
				472743A42D73F21F004E48EF /* photo2 */,
				472743B62D73F220004E48EF /* photo2Tests */,
				472743C02D73F220004E48EF /* photo2UITests */,
				47AC8B492D7D74360064B7C0 /* ThumbnailGeneratorService */,
				472743A32D73F21F004E48EF /* Products */,
			);
			sourceTree = "<group>";
		};
		472743A32D73F21F004E48EF /* Products */ = {
			isa = PBXGroup;
			children = (
				472743A22D73F21F004E48EF /* photo2.app */,
				472743B32D73F220004E48EF /* photo2Tests.xctest */,
				472743BD2D73F220004E48EF /* photo2UITests.xctest */,
				47AC8B482D7D74360064B7C0 /* ThumbnailGeneratorService.xpc */,
			);
			name = Products;
			sourceTree = "<group>";
		};
/* End PBXGroup section */

/* Begin PBXNativeTarget section */
		472743A12D73F21F004E48EF /* photo2 */ = {
			isa = PBXNativeTarget;
			buildConfigurationList = 472743C72D73F220004E48EF /* Build configuration list for PBXNativeTarget "photo2" */;
			buildPhases = (
				4727439E2D73F21F004E48EF /* Sources */,
				4727439F2D73F21F004E48EF /* Frameworks */,
				472743A02D73F21F004E48EF /* Resources */,
				47AC8B592D7D74360064B7C0 /* Embed XPC Services */,
			);
			buildRules = (
			);
			dependencies = (
				47AC8B532D7D74360064B7C0 /* PBXTargetDependency */,
			);
			fileSystemSynchronizedGroups = (
				472743A42D73F21F004E48EF /* photo2 */,
			);
			name = photo2;
			packageProductDependencies = (
				477783842D742252002ECD82 /* Yams */,
			);
			productName = photo2;
			productReference = 472743A22D73F21F004E48EF /* photo2.app */;
			productType = "com.apple.product-type.application";
		};
		472743B22D73F220004E48EF /* photo2Tests */ = {
			isa = PBXNativeTarget;
			buildConfigurationList = 472743CA2D73F220004E48EF /* Build configuration list for PBXNativeTarget "photo2Tests" */;
			buildPhases = (
				472743AF2D73F220004E48EF /* Sources */,
				472743B02D73F220004E48EF /* Frameworks */,
				472743B12D73F220004E48EF /* Resources */,
			);
			buildRules = (
			);
			dependencies = (
				472743B52D73F220004E48EF /* PBXTargetDependency */,
			);
			fileSystemSynchronizedGroups = (
				472743B62D73F220004E48EF /* photo2Tests */,
			);
			name = photo2Tests;
			packageProductDependencies = (
			);
			productName = photo2Tests;
			productReference = 472743B32D73F220004E48EF /* photo2Tests.xctest */;
			productType = "com.apple.product-type.bundle.unit-test";
		};
		472743BC2D73F220004E48EF /* photo2UITests */ = {
			isa = PBXNativeTarget;
			buildConfigurationList = 472743CD2D73F220004E48EF /* Build configuration list for PBXNativeTarget "photo2UITests" */;
			buildPhases = (
				472743B92D73F220004E48EF /* Sources */,
				472743BA2D73F220004E48EF /* Frameworks */,
				472743BB2D73F220004E48EF /* Resources */,
			);
			buildRules = (
			);
			dependencies = (
				472743BF2D73F220004E48EF /* PBXTargetDependency */,
			);
			fileSystemSynchronizedGroups = (
				472743C02D73F220004E48EF /* photo2UITests */,
			);
			name = photo2UITests;
			packageProductDependencies = (
			);
			productName = photo2UITests;
			productReference = 472743BD2D73F220004E48EF /* photo2UITests.xctest */;
			productType = "com.apple.product-type.bundle.ui-testing";
		};
		47AC8B472D7D74360064B7C0 /* ThumbnailGeneratorService */ = {
			isa = PBXNativeTarget;
			buildConfigurationList = 47AC8B562D7D74360064B7C0 /* Build configuration list for PBXNativeTarget "ThumbnailGeneratorService" */;
			buildPhases = (
				47AC8B442D7D74360064B7C0 /* Sources */,
				47AC8B452D7D74360064B7C0 /* Frameworks */,
				47AC8B462D7D74360064B7C0 /* Resources */,
			);
			buildRules = (
			);
			dependencies = (
			);
			fileSystemSynchronizedGroups = (
				47AC8B492D7D74360064B7C0 /* ThumbnailGeneratorService */,
			);
			name = ThumbnailGeneratorService;
			packageProductDependencies = (
			);
			productName = ThumbnailGeneratorService;
			productReference = 47AC8B482D7D74360064B7C0 /* ThumbnailGeneratorService.xpc */;
			productType = "com.apple.product-type.xpc-service";
		};
/* End PBXNativeTarget section */

/* Begin PBXProject section */
		4727439A2D73F21F004E48EF /* Project object */ = {
			isa = PBXProject;
			attributes = {
				BuildIndependentTargetsInParallel = 1;
				LastSwiftUpdateCheck = 1620;
				LastUpgradeCheck = 1620;
				TargetAttributes = {
					472743A12D73F21F004E48EF = {
						CreatedOnToolsVersion = 16.2;
					};
					472743B22D73F220004E48EF = {
						CreatedOnToolsVersion = 16.2;
						TestTargetID = 472743A12D73F21F004E48EF;
					};
					472743BC2D73F220004E48EF = {
						CreatedOnToolsVersion = 16.2;
						TestTargetID = 472743A12D73F21F004E48EF;
					};
					47AC8B472D7D74360064B7C0 = {
						CreatedOnToolsVersion = 16.2;
					};
				};
			};
			buildConfigurationList = 4727439D2D73F21F004E48EF /* Build configuration list for PBXProject "photo2" */;
			developmentRegion = en;
			hasScannedForEncodings = 0;
			knownRegions = (
				en,
				Base,
			);
			mainGroup = 472743992D73F21F004E48EF;
			minimizedProjectReferenceProxies = 1;
			packageReferences = (
				477783832D742252002ECD82 /* XCRemoteSwiftPackageReference "Yams" */,
			);
			preferredProjectObjectVersion = 77;
			productRefGroup = 472743A32D73F21F004E48EF /* Products */;
			projectDirPath = "";
			projectRoot = "";
			targets = (
				472743A12D73F21F004E48EF /* photo2 */,
				472743B22D73F220004E48EF /* photo2Tests */,
				472743BC2D73F220004E48EF /* photo2UITests */,
				47AC8B472D7D74360064B7C0 /* ThumbnailGeneratorService */,
			);
		};
/* End PBXProject section */

/* Begin PBXResourcesBuildPhase section */
		472743A02D73F21F004E48EF /* Resources */ = {
			isa = PBXResourcesBuildPhase;
			buildActionMask = 2147483647;
			files = (
			);
			runOnlyForDeploymentPostprocessing = 0;
		};
		472743B12D73F220004E48EF /* Resources */ = {
			isa = PBXResourcesBuildPhase;
			buildActionMask = 2147483647;
			files = (
			);
			runOnlyForDeploymentPostprocessing = 0;
		};
		472743BB2D73F220004E48EF /* Resources */ = {
			isa = PBXResourcesBuildPhase;
			buildActionMask = 2147483647;
			files = (
			);
			runOnlyForDeploymentPostprocessing = 0;
		};
		47AC8B462D7D74360064B7C0 /* Resources */ = {
			isa = PBXResourcesBuildPhase;
			buildActionMask = 2147483647;
			files = (
			);
			runOnlyForDeploymentPostprocessing = 0;
		};
/* End PBXResourcesBuildPhase section */

/* Begin PBXSourcesBuildPhase section */
		4727439E2D73F21F004E48EF /* Sources */ = {
			isa = PBXSourcesBuildPhase;
			buildActionMask = 2147483647;
			files = (
			);
			runOnlyForDeploymentPostprocessing = 0;
		};
		472743AF2D73F220004E48EF /* Sources */ = {
			isa = PBXSourcesBuildPhase;
			buildActionMask = 2147483647;
			files = (
			);
			runOnlyForDeploymentPostprocessing = 0;
		};
		472743B92D73F220004E48EF /* Sources */ = {
			isa = PBXSourcesBuildPhase;
			buildActionMask = 2147483647;
			files = (
			);
			runOnlyForDeploymentPostprocessing = 0;
		};
		47AC8B442D7D74360064B7C0 /* Sources */ = {
			isa = PBXSourcesBuildPhase;
			buildActionMask = 2147483647;
			files = (
			);
			runOnlyForDeploymentPostprocessing = 0;
		};
/* End PBXSourcesBuildPhase section */

/* Begin PBXTargetDependency section */
		472743B52D73F220004E48EF /* PBXTargetDependency */ = {
			isa = PBXTargetDependency;
			target = 472743A12D73F21F004E48EF /* photo2 */;
			targetProxy = 472743B42D73F220004E48EF /* PBXContainerItemProxy */;
		};
		472743BF2D73F220004E48EF /* PBXTargetDependency */ = {
			isa = PBXTargetDependency;
			target = 472743A12D73F21F004E48EF /* photo2 */;
			targetProxy = 472743BE2D73F220004E48EF /* PBXContainerItemProxy */;
		};
		47AC8B532D7D74360064B7C0 /* PBXTargetDependency */ = {
			isa = PBXTargetDependency;
			target = 47AC8B472D7D74360064B7C0 /* ThumbnailGeneratorService */;
			targetProxy = 47AC8B522D7D74360064B7C0 /* PBXContainerItemProxy */;
		};
/* End PBXTargetDependency section */

/* Begin XCBuildConfiguration section */
		472743C52D73F220004E48EF /* Debug */ = {
			isa = XCBuildConfiguration;
			buildSettings = {
				ALWAYS_SEARCH_USER_PATHS = NO;
				ASSETCATALOG_COMPILER_GENERATE_SWIFT_ASSET_SYMBOL_EXTENSIONS = YES;
				CLANG_ANALYZER_NONNULL = YES;
				CLANG_ANALYZER_NUMBER_OBJECT_CONVERSION = YES_AGGRESSIVE;
				CLANG_CXX_LANGUAGE_STANDARD = "gnu++20";
				CLANG_ENABLE_MODULES = YES;
				CLANG_ENABLE_OBJC_ARC = YES;
				CLANG_ENABLE_OBJC_WEAK = YES;
				CLANG_WARN_BLOCK_CAPTURE_AUTORELEASING = YES;
				CLANG_WARN_BOOL_CONVERSION = YES;
				CLANG_WARN_COMMA = YES;
				CLANG_WARN_CONSTANT_CONVERSION = YES;
				CLANG_WARN_DEPRECATED_OBJC_IMPLEMENTATIONS = YES;
				CLANG_WARN_DIRECT_OBJC_ISA_USAGE = YES_ERROR;
				CLANG_WARN_DOCUMENTATION_COMMENTS = YES;
				CLANG_WARN_EMPTY_BODY = YES;
				CLANG_WARN_ENUM_CONVERSION = YES;
				CLANG_WARN_INFINITE_RECURSION = YES;
				CLANG_WARN_INT_CONVERSION = YES;
				CLANG_WARN_NON_LITERAL_NULL_CONVERSION = YES;
				CLANG_WARN_OBJC_IMPLICIT_RETAIN_SELF = YES;
				CLANG_WARN_OBJC_LITERAL_CONVERSION = YES;
				CLANG_WARN_OBJC_ROOT_CLASS = YES_ERROR;
				CLANG_WARN_QUOTED_INCLUDE_IN_FRAMEWORK_HEADER = YES;
				CLANG_WARN_RANGE_LOOP_ANALYSIS = YES;
				CLANG_WARN_STRICT_PROTOTYPES = YES;
				CLANG_WARN_SUSPICIOUS_MOVE = YES;
				CLANG_WARN_UNGUARDED_AVAILABILITY = YES_AGGRESSIVE;
				CLANG_WARN_UNREACHABLE_CODE = YES;
				CLANG_WARN__DUPLICATE_METHOD_MATCH = YES;
				COPY_PHASE_STRIP = NO;
				DEBUG_INFORMATION_FORMAT = dwarf;
				ENABLE_STRICT_OBJC_MSGSEND = YES;
				ENABLE_TESTABILITY = YES;
				ENABLE_USER_SCRIPT_SANDBOXING = YES;
				GCC_C_LANGUAGE_STANDARD = gnu17;
				GCC_DYNAMIC_NO_PIC = NO;
				GCC_NO_COMMON_BLOCKS = YES;
				GCC_OPTIMIZATION_LEVEL = 0;
				GCC_PREPROCESSOR_DEFINITIONS = (
					"DEBUG=1",
					"$(inherited)",
				);
				GCC_WARN_64_TO_32_BIT_CONVERSION = YES;
				GCC_WARN_ABOUT_RETURN_TYPE = YES_ERROR;
				GCC_WARN_UNDECLARED_SELECTOR = YES;
				GCC_WARN_UNINITIALIZED_AUTOS = YES_AGGRESSIVE;
				GCC_WARN_UNUSED_FUNCTION = YES;
				GCC_WARN_UNUSED_VARIABLE = YES;
				LOCALIZATION_PREFERS_STRING_CATALOGS = YES;
				MACOSX_DEPLOYMENT_TARGET = 15.2;
				MTL_ENABLE_DEBUG_INFO = INCLUDE_SOURCE;
				MTL_FAST_MATH = YES;
				ONLY_ACTIVE_ARCH = YES;
				SDKROOT = macosx;
				SWIFT_ACTIVE_COMPILATION_CONDITIONS = "DEBUG $(inherited)";
				SWIFT_OPTIMIZATION_LEVEL = "-Onone";
			};
			name = Debug;
		};
		472743C62D73F220004E48EF /* Release */ = {
			isa = XCBuildConfiguration;
			buildSettings = {
				ALWAYS_SEARCH_USER_PATHS = NO;
				ASSETCATALOG_COMPILER_GENERATE_SWIFT_ASSET_SYMBOL_EXTENSIONS = YES;
				CLANG_ANALYZER_NONNULL = YES;
				CLANG_ANALYZER_NUMBER_OBJECT_CONVERSION = YES_AGGRESSIVE;
				CLANG_CXX_LANGUAGE_STANDARD = "gnu++20";
				CLANG_ENABLE_MODULES = YES;
				CLANG_ENABLE_OBJC_ARC = YES;
				CLANG_ENABLE_OBJC_WEAK = YES;
				CLANG_WARN_BLOCK_CAPTURE_AUTORELEASING = YES;
				CLANG_WARN_BOOL_CONVERSION = YES;
				CLANG_WARN_COMMA = YES;
				CLANG_WARN_CONSTANT_CONVERSION = YES;
				CLANG_WARN_DEPRECATED_OBJC_IMPLEMENTATIONS = YES;
				CLANG_WARN_DIRECT_OBJC_ISA_USAGE = YES_ERROR;
				CLANG_WARN_DOCUMENTATION_COMMENTS = YES;
				CLANG_WARN_EMPTY_BODY = YES;
				CLANG_WARN_ENUM_CONVERSION = YES;
				CLANG_WARN_INFINITE_RECURSION = YES;
				CLANG_WARN_INT_CONVERSION = YES;
				CLANG_WARN_NON_LITERAL_NULL_CONVERSION = YES;
				CLANG_WARN_OBJC_IMPLICIT_RETAIN_SELF = YES;
				CLANG_WARN_OBJC_LITERAL_CONVERSION = YES;
				CLANG_WARN_OBJC_ROOT_CLASS = YES_ERROR;
				CLANG_WARN_QUOTED_INCLUDE_IN_FRAMEWORK_HEADER = YES;
				CLANG_WARN_RANGE_LOOP_ANALYSIS = YES;
				CLANG_WARN_STRICT_PROTOTYPES = YES;
				CLANG_WARN_SUSPICIOUS_MOVE = YES;
				CLANG_WARN_UNGUARDED_AVAILABILITY = YES_AGGRESSIVE;
				CLANG_WARN_UNREACHABLE_CODE = YES;
				CLANG_WARN__DUPLICATE_METHOD_MATCH = YES;
				COPY_PHASE_STRIP = NO;
				DEBUG_INFORMATION_FORMAT = "dwarf-with-dsym";
				ENABLE_NS_ASSERTIONS = NO;
				ENABLE_STRICT_OBJC_MSGSEND = YES;
				ENABLE_USER_SCRIPT_SANDBOXING = YES;
				GCC_C_LANGUAGE_STANDARD = gnu17;
				GCC_NO_COMMON_BLOCKS = YES;
				GCC_WARN_64_TO_32_BIT_CONVERSION = YES;
				GCC_WARN_ABOUT_RETURN_TYPE = YES_ERROR;
				GCC_WARN_UNDECLARED_SELECTOR = YES;
				GCC_WARN_UNINITIALIZED_AUTOS = YES_AGGRESSIVE;
				GCC_WARN_UNUSED_FUNCTION = YES;
				GCC_WARN_UNUSED_VARIABLE = YES;
				LOCALIZATION_PREFERS_STRING_CATALOGS = YES;
				MACOSX_DEPLOYMENT_TARGET = 15.2;
				MTL_ENABLE_DEBUG_INFO = NO;
				MTL_FAST_MATH = YES;
				SDKROOT = macosx;
				SWIFT_COMPILATION_MODE = wholemodule;
			};
			name = Release;
		};
		472743C82D73F220004E48EF /* Debug */ = {
			isa = XCBuildConfiguration;
			buildSettings = {
				ASSETCATALOG_COMPILER_APPICON_NAME = AppIcon;
				ASSETCATALOG_COMPILER_GLOBAL_ACCENT_COLOR_NAME = AccentColor;
				CODE_SIGN_ENTITLEMENTS = photo2/photo2.entitlements;
				CODE_SIGN_STYLE = Automatic;
				COMBINE_HIDPI_IMAGES = YES;
				CURRENT_PROJECT_VERSION = 1;
				DEVELOPMENT_ASSET_PATHS = "\"photo2/Preview Content\"";
				DEVELOPMENT_TEAM = Z4ZY63LS5Q;
				ENABLE_HARDENED_RUNTIME = YES;
				ENABLE_PREVIEWS = YES;
				GENERATE_INFOPLIST_FILE = YES;
				INFOPLIST_KEY_NSHumanReadableCopyright = "";
				LD_RUNPATH_SEARCH_PATHS = (
					"$(inherited)",
					"@executable_path/../Frameworks",
				);
				MARKETING_VERSION = 1.0;
				PRODUCT_BUNDLE_IDENTIFIER = com.davxiao.photo2.photo2;
				PRODUCT_NAME = "$(TARGET_NAME)";
				SWIFT_EMIT_LOC_STRINGS = YES;
				SWIFT_VERSION = 6.0;
			};
			name = Debug;
		};
		472743C92D73F220004E48EF /* Release */ = {
			isa = XCBuildConfiguration;
			buildSettings = {
				ASSETCATALOG_COMPILER_APPICON_NAME = AppIcon;
				ASSETCATALOG_COMPILER_GLOBAL_ACCENT_COLOR_NAME = AccentColor;
				CODE_SIGN_ENTITLEMENTS = photo2/photo2.entitlements;
				CODE_SIGN_STYLE = Automatic;
				COMBINE_HIDPI_IMAGES = YES;
				CURRENT_PROJECT_VERSION = 1;
				DEVELOPMENT_ASSET_PATHS = "\"photo2/Preview Content\"";
				DEVELOPMENT_TEAM = Z4ZY63LS5Q;
				ENABLE_HARDENED_RUNTIME = YES;
				ENABLE_PREVIEWS = YES;
				GENERATE_INFOPLIST_FILE = YES;
				INFOPLIST_KEY_NSHumanReadableCopyright = "";
				LD_RUNPATH_SEARCH_PATHS = (
					"$(inherited)",
					"@executable_path/../Frameworks",
				);
				MARKETING_VERSION = 1.0;
				PRODUCT_BUNDLE_IDENTIFIER = com.davxiao.photo2.photo2;
				PRODUCT_NAME = "$(TARGET_NAME)";
				SWIFT_EMIT_LOC_STRINGS = YES;
				SWIFT_VERSION = 6.0;
			};
			name = Release;
		};
		472743CB2D73F220004E48EF /* Debug */ = {
			isa = XCBuildConfiguration;
			buildSettings = {
				BUNDLE_LOADER = "$(TEST_HOST)";
				CODE_SIGN_STYLE = Automatic;
				CURRENT_PROJECT_VERSION = 1;
				DEVELOPMENT_TEAM = Z4ZY63LS5Q;
				GENERATE_INFOPLIST_FILE = YES;
				MACOSX_DEPLOYMENT_TARGET = 15.2;
				MARKETING_VERSION = 1.0;
				PRODUCT_BUNDLE_IDENTIFIER = com.davxiao.photo2.photo2Tests;
				PRODUCT_NAME = "$(TARGET_NAME)";
				SWIFT_EMIT_LOC_STRINGS = NO;
				SWIFT_VERSION = 5.0;
				TEST_HOST = "$(BUILT_PRODUCTS_DIR)/photo2.app/$(BUNDLE_EXECUTABLE_FOLDER_PATH)/photo2";
			};
			name = Debug;
		};
		472743CC2D73F220004E48EF /* Release */ = {
			isa = XCBuildConfiguration;
			buildSettings = {
				BUNDLE_LOADER = "$(TEST_HOST)";
				CODE_SIGN_STYLE = Automatic;
				CURRENT_PROJECT_VERSION = 1;
				DEVELOPMENT_TEAM = Z4ZY63LS5Q;
				GENERATE_INFOPLIST_FILE = YES;
				MACOSX_DEPLOYMENT_TARGET = 15.2;
				MARKETING_VERSION = 1.0;
				PRODUCT_BUNDLE_IDENTIFIER = com.davxiao.photo2.photo2Tests;
				PRODUCT_NAME = "$(TARGET_NAME)";
				SWIFT_EMIT_LOC_STRINGS = NO;
				SWIFT_VERSION = 5.0;
				TEST_HOST = "$(BUILT_PRODUCTS_DIR)/photo2.app/$(BUNDLE_EXECUTABLE_FOLDER_PATH)/photo2";
			};
			name = Release;
		};
		472743CE2D73F220004E48EF /* Debug */ = {
			isa = XCBuildConfiguration;
			buildSettings = {
				CODE_SIGN_STYLE = Automatic;
				CURRENT_PROJECT_VERSION = 1;
				DEVELOPMENT_TEAM = Z4ZY63LS5Q;
				GENERATE_INFOPLIST_FILE = YES;
				MARKETING_VERSION = 1.0;
				PRODUCT_BUNDLE_IDENTIFIER = com.davxiao.photo2.photo2UITests;
				PRODUCT_NAME = "$(TARGET_NAME)";
				SWIFT_EMIT_LOC_STRINGS = NO;
				SWIFT_VERSION = 5.0;
				TEST_TARGET_NAME = photo2;
			};
			name = Debug;
		};
		472743CF2D73F220004E48EF /* Release */ = {
			isa = XCBuildConfiguration;
			buildSettings = {
				CODE_SIGN_STYLE = Automatic;
				CURRENT_PROJECT_VERSION = 1;
				DEVELOPMENT_TEAM = Z4ZY63LS5Q;
				GENERATE_INFOPLIST_FILE = YES;
				MARKETING_VERSION = 1.0;
				PRODUCT_BUNDLE_IDENTIFIER = com.davxiao.photo2.photo2UITests;
				PRODUCT_NAME = "$(TARGET_NAME)";
				SWIFT_EMIT_LOC_STRINGS = NO;
				SWIFT_VERSION = 5.0;
				TEST_TARGET_NAME = photo2;
			};
			name = Release;
		};
		47AC8B572D7D74360064B7C0 /* Debug */ = {
			isa = XCBuildConfiguration;
			buildSettings = {
				CODE_SIGN_ENTITLEMENTS = ThumbnailGeneratorService/ThumbnailGeneratorService.entitlements;
				CODE_SIGN_STYLE = Automatic;
				COMBINE_HIDPI_IMAGES = YES;
				CURRENT_PROJECT_VERSION = 1;
				DEVELOPMENT_TEAM = Z4ZY63LS5Q;
				ENABLE_HARDENED_RUNTIME = YES;
				GENERATE_INFOPLIST_FILE = YES;
				INFOPLIST_FILE = ThumbnailGeneratorService/Info.plist;
				INFOPLIST_KEY_CFBundleDisplayName = ThumbnailGeneratorService;
				INFOPLIST_KEY_NSHumanReadableCopyright = "";
				MARKETING_VERSION = 1.0;
				PRODUCT_BUNDLE_IDENTIFIER = com.davxiao.photo2.ThumbnailGeneratorService;
				PRODUCT_NAME = "$(TARGET_NAME)";
				SKIP_INSTALL = YES;
				SWIFT_EMIT_LOC_STRINGS = YES;
				SWIFT_VERSION = 5.0;
			};
			name = Debug;
		};
		47AC8B582D7D74360064B7C0 /* Release */ = {
			isa = XCBuildConfiguration;
			buildSettings = {
				CODE_SIGN_ENTITLEMENTS = ThumbnailGeneratorService/ThumbnailGeneratorService.entitlements;
				CODE_SIGN_STYLE = Automatic;
				COMBINE_HIDPI_IMAGES = YES;
				CURRENT_PROJECT_VERSION = 1;
				DEVELOPMENT_TEAM = Z4ZY63LS5Q;
				ENABLE_HARDENED_RUNTIME = YES;
				GENERATE_INFOPLIST_FILE = YES;
				INFOPLIST_FILE = ThumbnailGeneratorService/Info.plist;
				INFOPLIST_KEY_CFBundleDisplayName = ThumbnailGeneratorService;
				INFOPLIST_KEY_NSHumanReadableCopyright = "";
				MARKETING_VERSION = 1.0;
				PRODUCT_BUNDLE_IDENTIFIER = com.davxiao.photo2.ThumbnailGeneratorService;
				PRODUCT_NAME = "$(TARGET_NAME)";
				SKIP_INSTALL = YES;
				SWIFT_EMIT_LOC_STRINGS = YES;
				SWIFT_VERSION = 5.0;
			};
			name = Release;
		};
/* End XCBuildConfiguration section */

/* Begin XCConfigurationList section */
		4727439D2D73F21F004E48EF /* Build configuration list for PBXProject "photo2" */ = {
			isa = XCConfigurationList;
			buildConfigurations = (
				472743C52D73F220004E48EF /* Debug */,
				472743C62D73F220004E48EF /* Release */,
			);
			defaultConfigurationIsVisible = 0;
			defaultConfigurationName = Release;
		};
		472743C72D73F220004E48EF /* Build configuration list for PBXNativeTarget "photo2" */ = {
			isa = XCConfigurationList;
			buildConfigurations = (
				472743C82D73F220004E48EF /* Debug */,
				472743C92D73F220004E48EF /* Release */,
			);
			defaultConfigurationIsVisible = 0;
			defaultConfigurationName = Release;
		};
		472743CA2D73F220004E48EF /* Build configuration list for PBXNativeTarget "photo2Tests" */ = {
			isa = XCConfigurationList;
			buildConfigurations = (
				472743CB2D73F220004E48EF /* Debug */,
				472743CC2D73F220004E48EF /* Release */,
			);
			defaultConfigurationIsVisible = 0;
			defaultConfigurationName = Release;
		};
		472743CD2D73F220004E48EF /* Build configuration list for PBXNativeTarget "photo2UITests" */ = {
			isa = XCConfigurationList;
			buildConfigurations = (
				472743CE2D73F220004E48EF /* Debug */,
				472743CF2D73F220004E48EF /* Release */,
			);
			defaultConfigurationIsVisible = 0;
			defaultConfigurationName = Release;
		};
		47AC8B562D7D74360064B7C0 /* Build configuration list for PBXNativeTarget "ThumbnailGeneratorService" */ = {
			isa = XCConfigurationList;
			buildConfigurations = (
				47AC8B572D7D74360064B7C0 /* Debug */,
				47AC8B582D7D74360064B7C0 /* Release */,
			);
			defaultConfigurationIsVisible = 0;
			defaultConfigurationName = Release;
		};
/* End XCConfigurationList section */

/* Begin XCRemoteSwiftPackageReference section */
		477783832D742252002ECD82 /* XCRemoteSwiftPackageReference "Yams" */ = {
			isa = XCRemoteSwiftPackageReference;
			repositoryURL = "https://github.com/jpsim/Yams.git";
			requirement = {
				kind = upToNextMajorVersion;
				minimumVersion = 5.3.1;
			};
		};
/* End XCRemoteSwiftPackageReference section */

/* Begin XCSwiftPackageProductDependency section */
		477783842D742252002ECD82 /* Yams */ = {
			isa = XCSwiftPackageProductDependency;
			package = 477783832D742252002ECD82 /* XCRemoteSwiftPackageReference "Yams" */;
			productName = Yams;
		};
/* End XCSwiftPackageProductDependency section */
	};
	rootObject = 4727439A2D73F21F004E48EF /* Project object */;
}
